
Microsoft Visual Studio Solution File, Format Version 12.00
# Visual Studio Version 16
VisualStudioVersion = 16.0.29409.12
MinimumVisualStudioVersion = 10.0.40219.1
Project("{FAE04EC0-301F-11D3-BF4B-00C04F79EFBC}") = "TestGit", "TestGit.csproj", "{1120D2AB-2C7C-4B2B-B59A-A0469A8B5F07}"
EndProject
Global
	GlobalSection(SolutionConfigurationPlatforms) = preSolution
		Debug|Any CPU = Debug|Any CPU
		Release|Any CPU = Release|Any CPU
	EndGlobalSection
	GlobalSection(ProjectConfigurationPlatforms) = postSolution
		{1120D2AB-2C7C-4B2B-B59A-A0469A8B5F07}.Debug|Any CPU.ActiveCfg = Debug|Any CPU
		{1120D2AB-2C7C-4B2B-B59A-A0469A8B5F07}.Debug|Any CPU.Build.0 = Debug|Any CPU
		{1120D2AB-2C7C-4B2B-B59A-A0469A8B5F07}.Release|Any CPU.ActiveCfg = Release|Any CPU
		{1120D2AB-2C7C-4B2B-B59A-A0469A8B5F07}.Release|Any CPU.Build.0 = Release|Any CPU
	EndGlobalSection
	GlobalSection(SolutionProperties) = preSolution
		HideSolutionNode = FALSE
	EndGlobalSection
	GlobalSection(ExtensibilityGlobals) = postSolution
		SolutionGuid = {80674EA3-6E0C-462E-A47D-F21B55214032}
	EndGlobalSection
EndGlobal
